// !$*UTF8*$!
{
	archiveVersion = 1;
	classes = {
	};
	objectVersion = 46;
	objects = {

/* Begin PBXBuildFile section */
		406AB16F1A2DB12D004CB4B7 /* LocationDetailsViewController.swift in Sources */ = {isa = PBXBuildFile; fileRef = 406AB16E1A2DB12D004CB4B7 /* LocationDetailsViewController.swift */; };
		4085EA8F1A35470E00F4E7DA /* HudView.swift in Sources */ = {isa = PBXBuildFile; fileRef = 4085EA8E1A35470E00F4E7DA /* HudView.swift */; };
		4085EA911A35F60A00F4E7DA /* Functions.swift in Sources */ = {isa = PBXBuildFile; fileRef = 4085EA901A35F60A00F4E7DA /* Functions.swift */; };
		408FBB0B1A37227C00BCCD90 /* DataModel.xcdatamodeld in Sources */ = {isa = PBXBuildFile; fileRef = 408FBB091A37227C00BCCD90 /* DataModel.xcdatamodeld */; };
		408FBB0D1A372E2800BCCD90 /* Location.swift in Sources */ = {isa = PBXBuildFile; fileRef = 408FBB0C1A372E2800BCCD90 /* Location.swift */; };
		40932A151A7241A2002A3937 /* LocationCell.swift in Sources */ = {isa = PBXBuildFile; fileRef = 40932A141A7241A2002A3937 /* LocationCell.swift */; };
		40A822631A879EC6004277E6 /* MapKit.framework in Frameworks */ = {isa = PBXBuildFile; fileRef = 40A822621A879EC6004277E6 /* MapKit.framework */; };
		40A822651A87A407004277E6 /* MapViewController.swift in Sources */ = {isa = PBXBuildFile; fileRef = 40A822641A87A407004277E6 /* MapViewController.swift */; };
		40C061831A11E50600DC7022 /* AppDelegate.swift in Sources */ = {isa = PBXBuildFile; fileRef = 40C061821A11E50600DC7022 /* AppDelegate.swift */; };
		40C061851A11E50600DC7022 /* CurrentLocationViewController.swift in Sources */ = {isa = PBXBuildFile; fileRef = 40C061841A11E50600DC7022 /* CurrentLocationViewController.swift */; };
		40C0618A1A11E50600DC7022 /* Main.storyboard in Resources */ = {isa = PBXBuildFile; fileRef = 40C061881A11E50600DC7022 /* Main.storyboard */; };
		40C0618C1A11E50600DC7022 /* Images.xcassets in Resources */ = {isa = PBXBuildFile; fileRef = 40C0618B1A11E50600DC7022 /* Images.xcassets */; };
		40C0618F1A11E50600DC7022 /* LaunchScreen.xib in Resources */ = {isa = PBXBuildFile; fileRef = 40C0618D1A11E50600DC7022 /* LaunchScreen.xib */; };
		40C0619B1A11E50600DC7022 /* MyLocationsTests.swift in Sources */ = {isa = PBXBuildFile; fileRef = 40C0619A1A11E50600DC7022 /* MyLocationsTests.swift */; };
		40D4B8911A7210BD00D9D077 /* LocationsViewController.swift in Sources */ = {isa = PBXBuildFile; fileRef = 40D4B8901A7210BD00D9D077 /* LocationsViewController.swift */; };
		40E40E9D1A30475D00F9865A /* CategoryPickerViewController.swift in Sources */ = {isa = PBXBuildFile; fileRef = 40E40E9C1A30475D00F9865A /* CategoryPickerViewController.swift */; };
/* End PBXBuildFile section */

/* Begin PBXContainerItemProxy section */
		40C061951A11E50600DC7022 /* PBXContainerItemProxy */ = {
			isa = PBXContainerItemProxy;
			containerPortal = 40C061751A11E50600DC7022 /* Project object */;
			proxyType = 1;
			remoteGlobalIDString = 40C0617C1A11E50600DC7022;
			remoteInfo = MyLocations;
		};
/* End PBXContainerItemProxy section */

/* Begin PBXFileReference section */
		406AB16E1A2DB12D004CB4B7 /* LocationDetailsViewController.swift */ = {isa = PBXFileReference; fileEncoding = 4; lastKnownFileType = sourcecode.swift; path = LocationDetailsViewController.swift; sourceTree = "<group>"; };
		4085EA8E1A35470E00F4E7DA /* HudView.swift */ = {isa = PBXFileReference; fileEncoding = 4; lastKnownFileType = sourcecode.swift; name = HudView.swift; path = ../HudView.swift; sourceTree = "<group>"; };
		4085EA901A35F60A00F4E7DA /* Functions.swift */ = {isa = PBXFileReference; fileEncoding = 4; lastKnownFileType = sourcecode.swift; name = Functions.swift; path = ../Functions.swift; sourceTree = "<group>"; };
		408FBB0A1A37227C00BCCD90 /* DataModel.xcdatamodel */ = {isa = PBXFileReference; lastKnownFileType = wrapper.xcdatamodel; path = DataModel.xcdatamodel; sourceTree = "<group>"; };
		408FBB0C1A372E2800BCCD90 /* Location.swift */ = {isa = PBXFileReference; fileEncoding = 4; lastKnownFileType = sourcecode.swift; path = Location.swift; sourceTree = "<group>"; };
		40932A141A7241A2002A3937 /* LocationCell.swift */ = {isa = PBXFileReference; fileEncoding = 4; lastKnownFileType = sourcecode.swift; name = LocationCell.swift; path = ../LocationCell.swift; sourceTree = "<group>"; };
		40A822621A879EC6004277E6 /* MapKit.framework */ = {isa = PBXFileReference; lastKnownFileType = wrapper.framework; name = MapKit.framework; path = System/Library/Frameworks/MapKit.framework; sourceTree = SDKROOT; };
		40A822641A87A407004277E6 /* MapViewController.swift */ = {isa = PBXFileReference; fileEncoding = 4; lastKnownFileType = sourcecode.swift; name = MapViewController.swift; path = ../MapViewController.swift; sourceTree = "<group>"; };
		40C0617D1A11E50600DC7022 /* MyLocations.app */ = {isa = PBXFileReference; explicitFileType = wrapper.application; includeInIndex = 0; path = MyLocations.app; sourceTree = BUILT_PRODUCTS_DIR; };
		40C061811A11E50600DC7022 /* Info.plist */ = {isa = PBXFileReference; lastKnownFileType = text.plist.xml; path = Info.plist; sourceTree = "<group>"; };
		40C061821A11E50600DC7022 /* AppDelegate.swift */ = {isa = PBXFileReference; lastKnownFileType = sourcecode.swift; path = AppDelegate.swift; sourceTree = "<group>"; };
		40C061841A11E50600DC7022 /* CurrentLocationViewController.swift */ = {isa = PBXFileReference; lastKnownFileType = sourcecode.swift; path = CurrentLocationViewController.swift; sourceTree = "<group>"; };
		40C061891A11E50600DC7022 /* Base */ = {isa = PBXFileReference; lastKnownFileType = file.storyboard; name = Base; path = Base.lproj/Main.storyboard; sourceTree = "<group>"; };
		40C0618B1A11E50600DC7022 /* Images.xcassets */ = {isa = PBXFileReference; lastKnownFileType = folder.assetcatalog; path = Images.xcassets; sourceTree = "<group>"; };
		40C0618E1A11E50600DC7022 /* Base */ = {isa = PBXFileReference; lastKnownFileType = file.xib; name = Base; path = Base.lproj/LaunchScreen.xib; sourceTree = "<group>"; };
		40C061941A11E50600DC7022 /* MyLocationsTests.xctest */ = {isa = PBXFileReference; explicitFileType = wrapper.cfbundle; includeInIndex = 0; path = MyLocationsTests.xctest; sourceTree = BUILT_PRODUCTS_DIR; };
		40C061991A11E50600DC7022 /* Info.plist */ = {isa = PBXFileReference; lastKnownFileType = text.plist.xml; path = Info.plist; sourceTree = "<group>"; };
		40C0619A1A11E50600DC7022 /* MyLocationsTests.swift */ = {isa = PBXFileReference; lastKnownFileType = sourcecode.swift; path = MyLocationsTests.swift; sourceTree = "<group>"; };
		40D4B8901A7210BD00D9D077 /* LocationsViewController.swift */ = {isa = PBXFileReference; fileEncoding = 4; lastKnownFileType = sourcecode.swift; path = LocationsViewController.swift; sourceTree = "<group>"; };
		40E40E9C1A30475D00F9865A /* CategoryPickerViewController.swift */ = {isa = PBXFileReference; fileEncoding = 4; lastKnownFileType = sourcecode.swift; name = CategoryPickerViewController.swift; path = ../CategoryPickerViewController.swift; sourceTree = "<group>"; };
/* End PBXFileReference section */

/* Begin PBXFrameworksBuildPhase section */
		40C0617A1A11E50600DC7022 /* Frameworks */ = {
			isa = PBXFrameworksBuildPhase;
			buildActionMask = 2147483647;
			files = (
				40A822631A879EC6004277E6 /* MapKit.framework in Frameworks */,
			);
			runOnlyForDeploymentPostprocessing = 0;
		};
		40C061911A11E50600DC7022 /* Frameworks */ = {
			isa = PBXFrameworksBuildPhase;
			buildActionMask = 2147483647;
			files = (
			);
			runOnlyForDeploymentPostprocessing = 0;
		};
/* End PBXFrameworksBuildPhase section */

/* Begin PBXGroup section */
		40C061741A11E50600DC7022 = {
			isa = PBXGroup;
			children = (
				40A822621A879EC6004277E6 /* MapKit.framework */,
				40C0617F1A11E50600DC7022 /* MyLocations */,
				40C061971A11E50600DC7022 /* MyLocationsTests */,
				40C0617E1A11E50600DC7022 /* Products */,
			);
			sourceTree = "<group>";
		};
		40C0617E1A11E50600DC7022 /* Products */ = {
			isa = PBXGroup;
			children = (
				40C0617D1A11E50600DC7022 /* MyLocations.app */,
				40C061941A11E50600DC7022 /* MyLocationsTests.xctest */,
			);
			name = Products;
			sourceTree = "<group>";
		};
		40C0617F1A11E50600DC7022 /* MyLocations */ = {
			isa = PBXGroup;
			children = (
				40A822641A87A407004277E6 /* MapViewController.swift */,
				40C061821A11E50600DC7022 /* AppDelegate.swift */,
				40932A141A7241A2002A3937 /* LocationCell.swift */,
				40E40E9C1A30475D00F9865A /* CategoryPickerViewController.swift */,
				40C061841A11E50600DC7022 /* CurrentLocationViewController.swift */,
				408FBB091A37227C00BCCD90 /* DataModel.xcdatamodeld */,
				4085EA901A35F60A00F4E7DA /* Functions.swift */,
				4085EA8E1A35470E00F4E7DA /* HudView.swift */,
				40C0618B1A11E50600DC7022 /* Images.xcassets */,
				40C0618D1A11E50600DC7022 /* LaunchScreen.xib */,
				408FBB0C1A372E2800BCCD90 /* Location.swift */,
				406AB16E1A2DB12D004CB4B7 /* LocationDetailsViewController.swift */,
				40D4B8901A7210BD00D9D077 /* LocationsViewController.swift */,
				40C061881A11E50600DC7022 /* Main.storyboard */,
				40C061801A11E50600DC7022 /* Supporting Files */,
			);
			path = MyLocations;
			sourceTree = "<group>";
		};
		40C061801A11E50600DC7022 /* Supporting Files */ = {
			isa = PBXGroup;
			children = (
				40C061811A11E50600DC7022 /* Info.plist */,
			);
			name = "Supporting Files";
			sourceTree = "<group>";
		};
		40C061971A11E50600DC7022 /* MyLocationsTests */ = {
			isa = PBXGroup;
			children = (
				40C0619A1A11E50600DC7022 /* MyLocationsTests.swift */,
				40C061981A11E50600DC7022 /* Supporting Files */,
			);
			path = MyLocationsTests;
			sourceTree = "<group>";
		};
		40C061981A11E50600DC7022 /* Supporting Files */ = {
			isa = PBXGroup;
			children = (
				40C061991A11E50600DC7022 /* Info.plist */,
			);
			name = "Supporting Files";
			sourceTree = "<group>";
		};
/* End PBXGroup section */

/* Begin PBXNativeTarget section */
		40C0617C1A11E50600DC7022 /* MyLocations */ = {
			isa = PBXNativeTarget;
			buildConfigurationList = 40C0619E1A11E50600DC7022 /* Build configuration list for PBXNativeTarget "MyLocations" */;
			buildPhases = (
				40C061791A11E50600DC7022 /* Sources */,
				40C0617A1A11E50600DC7022 /* Frameworks */,
				40C0617B1A11E50600DC7022 /* Resources */,
			);
			buildRules = (
			);
			dependencies = (
			);
			name = MyLocations;
			productName = MyLocations;
			productReference = 40C0617D1A11E50600DC7022 /* MyLocations.app */;
			productType = "com.apple.product-type.application";
		};
		40C061931A11E50600DC7022 /* MyLocationsTests */ = {
			isa = PBXNativeTarget;
			buildConfigurationList = 40C061A11A11E50600DC7022 /* Build configuration list for PBXNativeTarget "MyLocationsTests" */;
			buildPhases = (
				40C061901A11E50600DC7022 /* Sources */,
				40C061911A11E50600DC7022 /* Frameworks */,
				40C061921A11E50600DC7022 /* Resources */,
			);
			buildRules = (
			);
			dependencies = (
				40C061961A11E50600DC7022 /* PBXTargetDependency */,
			);
			name = MyLocationsTests;
			productName = MyLocationsTests;
			productReference = 40C061941A11E50600DC7022 /* MyLocationsTests.xctest */;
			productType = "com.apple.product-type.bundle.unit-test";
		};
/* End PBXNativeTarget section */

/* Begin PBXProject section */
		40C061751A11E50600DC7022 /* Project object */ = {
			isa = PBXProject;
			attributes = {
				LastUpgradeCheck = 0610;
				ORGANIZATIONNAME = BX_mbp;
				TargetAttributes = {
					40C0617C1A11E50600DC7022 = {
						CreatedOnToolsVersion = 6.1;
					};
					40C061931A11E50600DC7022 = {
						CreatedOnToolsVersion = 6.1;
						TestTargetID = 40C0617C1A11E50600DC7022;
					};
				};
			};
			buildConfigurationList = 40C061781A11E50600DC7022 /* Build configuration list for PBXProject "MyLocations" */;
			compatibilityVersion = "Xcode 3.2";
			developmentRegion = English;
			hasScannedForEncodings = 0;
			knownRegions = (
				en,
				Base,
			);
			mainGroup = 40C061741A11E50600DC7022;
			productRefGroup = 40C0617E1A11E50600DC7022 /* Products */;
			projectDirPath = "";
			projectRoot = "";
			targets = (
				40C0617C1A11E50600DC7022 /* MyLocations */,
				40C061931A11E50600DC7022 /* MyLocationsTests */,
			);
		};
/* End PBXProject section */

/* Begin PBXResourcesBuildPhase section */
		40C0617B1A11E50600DC7022 /* Resources */ = {
			isa = PBXResourcesBuildPhase;
			buildActionMask = 2147483647;
			files = (
				40C0618A1A11E50600DC7022 /* Main.storyboard in Resources */,
				40C0618F1A11E50600DC7022 /* LaunchScreen.xib in Resources */,
				40C0618C1A11E50600DC7022 /* Images.xcassets in Resources */,
			);
			runOnlyForDeploymentPostprocessing = 0;
		};
		40C061921A11E50600DC7022 /* Resources */ = {
			isa = PBXResourcesBuildPhase;
			buildActionMask = 2147483647;
			files = (
			);
			runOnlyForDeploymentPostprocessing = 0;
		};
/* End PBXResourcesBuildPhase section */

/* Begin PBXSourcesBuildPhase section */
		40C061791A11E50600DC7022 /* Sources */ = {
			isa = PBXSourcesBuildPhase;
			buildActionMask = 2147483647;
			files = (
				40A822651A87A407004277E6 /* MapViewController.swift in Sources */,
				406AB16F1A2DB12D004CB4B7 /* LocationDetailsViewController.swift in Sources */,
				40D4B8911A7210BD00D9D077 /* LocationsViewController.swift in Sources */,
				408FBB0B1A37227C00BCCD90 /* DataModel.xcdatamodeld in Sources */,
				4085EA8F1A35470E00F4E7DA /* HudView.swift in Sources */,
				4085EA911A35F60A00F4E7DA /* Functions.swift in Sources */,
				40C061831A11E50600DC7022 /* AppDelegate.swift in Sources */,
				40932A151A7241A2002A3937 /* LocationCell.swift in Sources */,
				40E40E9D1A30475D00F9865A /* CategoryPickerViewController.swift in Sources */,
				408FBB0D1A372E2800BCCD90 /* Location.swift in Sources */,
				40C061851A11E50600DC7022 /* CurrentLocationViewController.swift in Sources */,
			);
			runOnlyForDeploymentPostprocessing = 0;
		};
		40C061901A11E50600DC7022 /* Sources */ = {
			isa = PBXSourcesBuildPhase;
			buildActionMask = 2147483647;
			files = (
				40C0619B1A11E50600DC7022 /* MyLocationsTests.swift in Sources */,
			);
			runOnlyForDeploymentPostprocessing = 0;
		};
/* End PBXSourcesBuildPhase section */

/* Begin PBXTargetDependency section */
		40C061961A11E50600DC7022 /* PBXTargetDependency */ = {
			isa = PBXTargetDependency;
			target = 40C0617C1A11E50600DC7022 /* MyLocations */;
			targetProxy = 40C061951A11E50600DC7022 /* PBXContainerItemProxy */;
		};
/* End PBXTargetDependency section */

/* Begin PBXVariantGroup section */
		40C061881A11E50600DC7022 /* Main.storyboard */ = {
			isa = PBXVariantGroup;
			children = (
				40C061891A11E50600DC7022 /* Base */,
			);
			name = Main.storyboard;
			sourceTree = "<group>";
		};
		40C0618D1A11E50600DC7022 /* LaunchScreen.xib */ = {
			isa = PBXVariantGroup;
			children = (
				40C0618E1A11E50600DC7022 /* Base */,
			);
			name = LaunchScreen.xib;
			sourceTree = "<group>";
		};
/* End PBXVariantGroup section */

/* Begin XCBuildConfiguration section */
		40C0619C1A11E50600DC7022 /* Debug */ = {
			isa = XCBuildConfiguration;
			buildSettings = {
				ALWAYS_SEARCH_USER_PATHS = NO;
				CLANG_CXX_LANGUAGE_STANDARD = "gnu++0x";
				CLANG_CXX_LIBRARY = "libc++";
				CLANG_ENABLE_MODULES = YES;
				CLANG_ENABLE_OBJC_ARC = YES;
				CLANG_WARN_BOOL_CONVERSION = YES;
				CLANG_WARN_CONSTANT_CONVERSION = YES;
				CLANG_WARN_DIRECT_OBJC_ISA_USAGE = YES_ERROR;
				CLANG_WARN_EMPTY_BODY = YES;
				CLANG_WARN_ENUM_CONVERSION = YES;
				CLANG_WARN_INT_CONVERSION = YES;
				CLANG_WARN_OBJC_ROOT_CLASS = YES_ERROR;
				CLANG_WARN_UNREACHABLE_CODE = YES;
				CLANG_WARN__DUPLICATE_METHOD_MATCH = YES;
				"CODE_SIGN_IDENTITY[sdk=iphoneos*]" = "iPhone Developer";
				COPY_PHASE_STRIP = NO;
				ENABLE_STRICT_OBJC_MSGSEND = YES;
				GCC_C_LANGUAGE_STANDARD = gnu99;
				GCC_DYNAMIC_NO_PIC = NO;
				GCC_OPTIMIZATION_LEVEL = 0;
				GCC_PREPROCESSOR_DEFINITIONS = (
					"DEBUG=1",
					"$(inherited)",
				);
				GCC_SYMBOLS_PRIVATE_EXTERN = NO;
				GCC_WARN_64_TO_32_BIT_CONVERSION = YES;
				GCC_WARN_ABOUT_RETURN_TYPE = YES_ERROR;
				GCC_WARN_UNDECLARED_SELECTOR = YES;
				GCC_WARN_UNINITIALIZED_AUTOS = YES_AGGRESSIVE;
				GCC_WARN_UNUSED_FUNCTION = YES;
				GCC_WARN_UNUSED_VARIABLE = YES;
				IPHONEOS_DEPLOYMENT_TARGET = 8.1;
				MTL_ENABLE_DEBUG_INFO = YES;
				ONLY_ACTIVE_ARCH = YES;
				SDKROOT = iphoneos;
				SWIFT_OPTIMIZATION_LEVEL = "-Onone";
			};
			name = Debug;
		};
		40C0619D1A11E50600DC7022 /* Release */ = {
			isa = XCBuildConfiguration;
			buildSettings = {
				ALWAYS_SEARCH_USER_PATHS = NO;
				CLANG_CXX_LANGUAGE_STANDARD = "gnu++0x";
				CLANG_CXX_LIBRARY = "libc++";
				CLANG_ENABLE_MODULES = YES;
				CLANG_ENABLE_OBJC_ARC = YES;
				CLANG_WARN_BOOL_CONVERSION = YES;
				CLANG_WARN_CONSTANT_CONVERSION = YES;
				CLANG_WARN_DIRECT_OBJC_ISA_USAGE = YES_ERROR;
				CLANG_WARN_EMPTY_BODY = YES;
				CLANG_WARN_ENUM_CONVERSION = YES;
				CLANG_WARN_INT_CONVERSION = YES;
				CLANG_WARN_OBJC_ROOT_CLASS = YES_ERROR;
				CLANG_WARN_UNREACHABLE_CODE = YES;
				CLANG_WARN__DUPLICATE_METHOD_MATCH = YES;
				"CODE_SIGN_IDENTITY[sdk=iphoneos*]" = "iPhone Developer";
				COPY_PHASE_STRIP = YES;
				ENABLE_NS_ASSERTIONS = NO;
				ENABLE_STRICT_OBJC_MSGSEND = YES;
				GCC_C_LANGUAGE_STANDARD = gnu99;
				GCC_WARN_64_TO_32_BIT_CONVERSION = YES;
				GCC_WARN_ABOUT_RETURN_TYPE = YES_ERROR;
				GCC_WARN_UNDECLARED_SELECTOR = YES;
				GCC_WARN_UNINITIALIZED_AUTOS = YES_AGGRESSIVE;
				GCC_WARN_UNUSED_FUNCTION = YES;
				GCC_WARN_UNUSED_VARIABLE = YES;
				IPHONEOS_DEPLOYMENT_TARGET = 8.1;
				MTL_ENABLE_DEBUG_INFO = NO;
				SDKROOT = iphoneos;
				VALIDATE_PRODUCT = YES;
			};
			name = Release;
		};
		40C0619F1A11E50600DC7022 /* Debug */ = {
			isa = XCBuildConfiguration;
			buildSettings = {
				ASSETCATALOG_COMPILER_APPICON_NAME = AppIcon;
				INFOPLIST_FILE = MyLocations/Info.plist;
				LD_RUNPATH_SEARCH_PATHS = "$(inherited) @executable_path/Frameworks";
				PRODUCT_NAME = "$(TARGET_NAME)";
			};
			name = Debug;
		};
		40C061A01A11E50600DC7022 /* Release */ = {
			isa = XCBuildConfiguration;
			buildSettings = {
				ASSETCATALOG_COMPILER_APPICON_NAME = AppIcon;
				INFOPLIST_FILE = MyLocations/Info.plist;
				LD_RUNPATH_SEARCH_PATHS = "$(inherited) @executable_path/Frameworks";
				PRODUCT_NAME = "$(TARGET_NAME)";
			};
			name = Release;
		};
		40C061A21A11E50600DC7022 /* Debug */ = {
			isa = XCBuildConfiguration;
			buildSettings = {
				BUNDLE_LOADER = "$(TEST_HOST)";
				FRAMEWORK_SEARCH_PATHS = (
					"$(SDKROOT)/Developer/Library/Frameworks",
					"$(inherited)",
				);
				GCC_PREPROCESSOR_DEFINITIONS = (
					"DEBUG=1",
					"$(inherited)",
				);
				INFOPLIST_FILE = MyLocationsTests/Info.plist;
				LD_RUNPATH_SEARCH_PATHS = "$(inherited) @executable_path/Frameworks @loader_path/Frameworks";
				PRODUCT_NAME = "$(TARGET_NAME)";
				TEST_HOST = "$(BUILT_PRODUCTS_DIR)/MyLocations.app/MyLocations";
			};
			name = Debug;
		};
		40C061A31A11E50600DC7022 /* Release */ = {
			isa = XCBuildConfiguration;
			buildSettings = {
				BUNDLE_LOADER = "$(TEST_HOST)";
				FRAMEWORK_SEARCH_PATHS = (
					"$(SDKROOT)/Developer/Library/Frameworks",
					"$(inherited)",
				);
				INFOPLIST_FILE = MyLocationsTests/Info.plist;
				LD_RUNPATH_SEARCH_PATHS = "$(inherited) @executable_path/Frameworks @loader_path/Frameworks";
				PRODUCT_NAME = "$(TARGET_NAME)";
				TEST_HOST = "$(BUILT_PRODUCTS_DIR)/MyLocations.app/MyLocations";
			};
			name = Release;
		};
/* End XCBuildConfiguration section */

/* Begin XCConfigurationList section */
		40C061781A11E50600DC7022 /* Build configuration list for PBXProject "MyLocations" */ = {
			isa = XCConfigurationList;
			buildConfigurations = (
				40C0619C1A11E50600DC7022 /* Debug */,
				40C0619D1A11E50600DC7022 /* Release */,
			);
			defaultConfigurationIsVisible = 0;
			defaultConfigurationName = Release;
		};
		40C0619E1A11E50600DC7022 /* Build configuration list for PBXNativeTarget "MyLocations" */ = {
			isa = XCConfigurationList;
			buildConfigurations = (
				40C0619F1A11E50600DC7022 /* Debug */,
				40C061A01A11E50600DC7022 /* Release */,
			);
			defaultConfigurationIsVisible = 0;
			defaultConfigurationName = Release;
		};
		40C061A11A11E50600DC7022 /* Build configuration list for PBXNativeTarget "MyLocationsTests" */ = {
			isa = XCConfigurationList;
			buildConfigurations = (
				40C061A21A11E50600DC7022 /* Debug */,
				40C061A31A11E50600DC7022 /* Release */,
			);
			defaultConfigurationIsVisible = 0;
			defaultConfigurationName = Release;
		};
/* End XCConfigurationList section */

/* Begin XCVersionGroup section */
		408FBB091A37227C00BCCD90 /* DataModel.xcdatamodeld */ = {
			isa = XCVersionGroup;
			children = (
				408FBB0A1A37227C00BCCD90 /* DataModel.xcdatamodel */,
			);
			currentVersion = 408FBB0A1A37227C00BCCD90 /* DataModel.xcdatamodel */;
			name = DataModel.xcdatamodeld;
			path = ../DataModel.xcdatamodeld;
			sourceTree = "<group>";
			versionGroupType = wrapper.xcdatamodel;
		};
/* End XCVersionGroup section */
	};
	rootObject = 40C061751A11E50600DC7022 /* Project object */;
}
